
Microsoft Visual Studio Solution File, Format Version 11.00
# Visual Studio 2010
Project("{FAE04EC0-301F-11D3-BF4B-00C04F79EFBC}") = "Kull.AcceVisual", "Kull.AcceVisual\Kull.AcceVisual\Kull.AcceVisual.csproj", "{8A39BE34-6CB6-4FA2-A799-C2F9037E2103}"
EndProject
Project("{96E2B04D-8817-42C6-938A-82C39BA4D311}") = "Kull.AcceVisualContent", "Kull.AcceVisual\Kull.AcceVisualContent\Kull.AcceVisualContent.contentproj", "{61D6B8C0-21B5-4D8A-8AAF-CCBCB9EBDF51}"
EndProject
Global
	GlobalSection(SolutionConfigurationPlatforms) = preSolution
		Debug|Windows Phone = Debug|Windows Phone
		Release|Windows Phone = Release|Windows Phone
	EndGlobalSection
	GlobalSection(ProjectConfigurationPlatforms) = postSolution
		{8A39BE34-6CB6-4FA2-A799-C2F9037E2103}.Debug|Windows Phone.ActiveCfg = Debug|Windows Phone
		{8A39BE34-6CB6-4FA2-A799-C2F9037E2103}.Debug|Windows Phone.Build.0 = Debug|Windows Phone
		{8A39BE34-6CB6-4FA2-A799-C2F9037E2103}.Debug|Windows Phone.Deploy.0 = Debug|Windows Phone
		{8A39BE34-6CB6-4FA2-A799-C2F9037E2103}.Release|Windows Phone.ActiveCfg = Release|Windows Phone
		{8A39BE34-6CB6-4FA2-A799-C2F9037E2103}.Release|Windows Phone.Build.0 = Release|Windows Phone
		{8A39BE34-6CB6-4FA2-A799-C2F9037E2103}.Release|Windows Phone.Deploy.0 = Release|Windows Phone
		{61D6B8C0-21B5-4D8A-8AAF-CCBCB9EBDF51}.Debug|Windows Phone.ActiveCfg = Debug|Windows Phone
		{61D6B8C0-21B5-4D8A-8AAF-CCBCB9EBDF51}.Release|Windows Phone.ActiveCfg = Release|Windows Phone
	EndGlobalSection
	GlobalSection(SolutionProperties) = preSolution
		HideSolutionNode = FALSE
	EndGlobalSection
EndGlobal
